{
  "version": 4,
  "terraform_version": "1.3.8",
  "serial": 71,
  "lineage": "56272204-d5df-f558-2ff4-db5339b26319",
  "outputs": {
    "kubernetes_cluster_host": {
      "value": "35.232.0.225",
      "type": "string",
      "sensitive": true
    },
    "kubernetes_cluster_name": {
      "value": {
        "addons_config": [
          {
            "cloudrun_config": [],
            "horizontal_pod_autoscaling": [],
            "http_load_balancing": [],
            "network_policy_config": [
              {
                "disabled": true
              }
            ]
          }
        ],
        "authenticator_groups_config": [],
        "cluster_autoscaling": [
          {
            "auto_provisioning_defaults": [],
            "enabled": false,
            "resource_limits": []
          }
        ],
        "cluster_ipv4_cidr": "10.224.0.0/14",
        "database_encryption": [
          {
            "key_name": "",
            "state": "DECRYPTED"
          }
        ],
        "default_max_pods_per_node": 110,
        "description": "",
        "enable_binary_authorization": false,
        "enable_intranode_visibility": null,
        "enable_kubernetes_alpha": false,
        "enable_legacy_abac": false,
        "enable_shielded_nodes": false,
        "enable_tpu": null,
        "endpoint": "35.232.0.225",
        "id": "projects/k8stestegbg/locations/us-central1/clusters/k8stestegbg-gke",
        "initial_node_count": 1,
        "instance_group_urls": [],
        "ip_allocation_policy": [
          {
            "cluster_ipv4_cidr_block": "10.224.0.0/14",
            "cluster_secondary_range_name": "gke-k8stestegbg-gke-pods-df3c6c5f",
            "services_ipv4_cidr_block": "10.228.0.0/20",
            "services_secondary_range_name": "gke-k8stestegbg-gke-services-df3c6c5f"
          }
        ],
        "label_fingerprint": "a9dc16a7",
        "location": "us-central1",
        "logging_service": "logging.googleapis.com/kubernetes",
        "maintenance_policy": [],
        "master_auth": [
          {
            "client_certificate": "",
            "client_certificate_config": [
              {
                "issue_client_certificate": false
              }
            ],
            "client_key": "",
            "cluster_ca_certificate": "LS0tLS1CRUdJTiBDRVJUSUZJQ0FURS0tLS0tCk1JSUVMVENDQXBXZ0F3SUJBZ0lSQU9DTGcvN2lpSUFoUUVVZmFhcGNOOU13RFFZSktvWklodmNOQVFFTEJRQXcKTHpFdE1Dc0dBMVVFQXhNa1lqZzNOVEF3WmpBdE1XUXhZUzAwTVdWaUxUa3dNekV0T1dKaE9EWm1OMlE1TmpZegpNQ0FYRFRJek1ESXhNekU0TkRVeU0xb1lEekl3TlRNd01qQTFNVGswTlRJeldqQXZNUzB3S3dZRFZRUURFeVJpCk9EYzFNREJtTUMweFpERmhMVFF4WldJdE9UQXpNUzA1WW1FNE5tWTNaRGsyTmpNd2dnR2lNQTBHQ1NxR1NJYjMKRFFFQkFRVUFBNElCandBd2dnR0tBb0lCZ1FDZUpURkxaN0ZVTDBOeVRibUpnaGp2N1Z2Rk9yUThhY2lrVjlDSQp0K0JBR3g4Mlg5bCtqa1Y0MC8xUlh3M28zeEdoSFA3bXJXTVZsMW9wbkFQakVWVDRFNFVJZy9EZW53emhZa3pPCnl3NUlFbGhZZXgreGptMGg3dFRlRnJEWm5YWXZ2MXltTjI2VXRvQ0VEMWtDTDJlNnBKUmdGNVZwVXE2WmRnaG8Kdm94VkNTMWhpcXJuTklVeHkzVWR5WE0rVG5PbnUyYXJoL1JzU2VyZWxQTkV1cW8vc0k1UGY4MXRqZTlNb2pNbApreTFETkRVbHljUXN1ZTVwVGtxcEkzeGhXOUp6a0xpbGpXbGZvMU85VFpKUVYyVHVFbnV4WXlJSjk3UUxxbUI0Clk4WnRLZHdrSmlTVW9ZMTgwSjVBQzFac0xxZnQrNFVzazg0SFhOQzJrREZDekw5dE1RT015M0EzQjVwZzRPNzMKUXM1VlBtRGFoK0kzcHBGNDF6TGhEanBjaHBxVEtUREV2V2hzSFF0TitJUTNGNHp5Mks5aDk1YTQxVVc1M0JzWQp4aU9HUzlQN0lZMUx1TG9VUldNKzBsdnhrVkhwbGtCZVhtbUFQa0pqUUw3RGxUa0d1bjhpQ0QxZVlXejFoNDFHCk10ck8vcGRXczBESU9BYnljR2RKZ3dRcGRCY0NBd0VBQWFOQ01FQXdEZ1lEVlIwUEFRSC9CQVFEQWdJRU1BOEcKQTFVZEV3RUIvd1FGTUFNQkFmOHdIUVlEVlIwT0JCWUVGTjRKVXNubjNJbENYOFJrNkdhY0wzc0psc3JETUEwRwpDU3FHU0liM0RRRUJDd1VBQTRJQmdRQTV5SXUrVXRoeFhhUmQrZ2NPQ01VRGhXUXV5WWY3aStucXNaclY3am41CjI3RG1oM2J5a09kVWpVOHpsNmJYbjBEeHBkQXJqU2FqOTAvcDhHR200ZnJBZmorYzFqNm5TNWx5VjI4KzQzNlEKUm5IV3NPSGtsWXY4N214aWg4UFFLanp3dW1CQUhiUmc1UUhWMk1mblQzL2Nlb1lKMmtDM2hMZUNiSFZoSkkzawpXV1gzald4NmNORzZWeTEvYWIyNEo3ejlxaThwZEtnSG1EeVlGUDVadGpzK0xtZUpPWFcrbVVBMXFxMzFWak10ClBIQjZIY2lQVGJoTlprMndReGpJdjhQNDAwVDc0NGxIUmJBUWJtanY5c0EwUklBRFl2SEFoeG14cmFUUDZjdTcKdnVTdzBwZkI2bFVrandJTCtsZENjRm1EK1VYQzlsNkhsQ3dqZlorUWNoTVQyS3psdlQ0VEc5bk40NjIySE5LagpPRnR3N1pwbEZuQWN3ZjcyU3FubjFNeHI5Z3RaU2pWQ2E2SVNVZiswcjd3eVJmakhYSS9GZEdRU1RYejhxU1JJCm9hNm1WZXh1TUU2NXF2akF6YkQwdnI0ZFRBME5kbDBSNkwwc1daNG51WGh4L0JNaHpKV3o1WGEvRm9SeDRoK2cKY09VZWRvVWRIbjlEaHBrM2FrdlpOWWs9Ci0tLS0tRU5EIENFUlRJRklDQVRFLS0tLS0K",
            "password": "",
            "username": ""
          }
        ],
        "master_authorized_networks_config": [],
        "master_version": "1.24.8-gke.2000",
        "min_master_version": null,
        "monitoring_service": "monitoring.googleapis.com/kubernetes",
        "name": "k8stestegbg-gke",
        "network": "projects/k8stestegbg/global/networks/k8stestegbg-vpc",
        "network_policy": [
          {
            "enabled": false,
            "provider": "PROVIDER_UNSPECIFIED"
          }
        ],
        "node_config": [],
        "node_locations": [
          "us-central1-a",
          "us-central1-b",
          "us-central1-c"
        ],
        "node_pool": [],
        "node_version": "1.24.8-gke.2000",
        "operation": null,
        "pod_security_policy_config": [],
        "private_cluster_config": [
          {
            "enable_private_endpoint": false,
            "enable_private_nodes": false,
            "master_ipv4_cidr_block": "",
            "peering_name": "",
            "private_endpoint": "10.10.0.37",
            "public_endpoint": "35.232.0.225"
          }
        ],
        "project": "k8stestegbg",
        "release_channel": [
          {
            "channel": "REGULAR"
          }
        ],
        "remove_default_node_pool": true,
        "resource_labels": null,
        "resource_usage_export_config": [],
        "self_link": "https://container.googleapis.com/v1beta1/projects/k8stestegbg/locations/us-central1/clusters/k8stestegbg-gke",
        "services_ipv4_cidr": "10.228.0.0/20",
        "subnetwork": "projects/k8stestegbg/regions/us-central1/subnetworks/k8stestegbg-subnet",
        "timeouts": null,
        "vertical_pod_autoscaling": [],
        "workload_identity_config": []
      },
      "type": [
        "object",
        {
          "addons_config": [
            "list",
            [
              "object",
              {
                "cloudrun_config": [
                  "list",
                  [
                    "object",
                    {
                      "disabled": "bool",
                      "load_balancer_type": "string"
                    }
                  ]
                ],
                "horizontal_pod_autoscaling": [
                  "list",
                  [
                    "object",
                    {
                      "disabled": "bool"
                    }
                  ]
                ],
                "http_load_balancing": [
                  "list",
                  [
                    "object",
                    {
                      "disabled": "bool"
                    }
                  ]
                ],
                "network_policy_config": [
                  "list",
                  [
                    "object",
                    {
                      "disabled": "bool"
                    }
                  ]
                ]
              }
            ]
          ],
          "authenticator_groups_config": [
            "list",
            [
              "object",
              {
                "security_group": "string"
              }
            ]
          ],
          "cluster_autoscaling": [
            "list",
            [
              "object",
              {
                "auto_provisioning_defaults": [
                  "list",
                  [
                    "object",
                    {
                      "oauth_scopes": [
                        "list",
                        "string"
                      ],
                      "service_account": "string"
                    }
                  ]
                ],
                "enabled": "bool",
                "resource_limits": [
                  "list",
                  [
                    "object",
                    {
                      "maximum": "number",
                      "minimum": "number",
                      "resource_type": "string"
                    }
                  ]
                ]
              }
            ]
          ],
          "cluster_ipv4_cidr": "string",
          "database_encryption": [
            "list",
            [
              "object",
              {
                "key_name": "string",
                "state": "string"
              }
            ]
          ],
          "default_max_pods_per_node": "number",
          "description": "string",
          "enable_binary_authorization": "bool",
          "enable_intranode_visibility": "bool",
          "enable_kubernetes_alpha": "bool",
          "enable_legacy_abac": "bool",
          "enable_shielded_nodes": "bool",
          "enable_tpu": "bool",
          "endpoint": "string",
          "id": "string",
          "initial_node_count": "number",
          "instance_group_urls": [
            "list",
            "string"
          ],
          "ip_allocation_policy": [
            "list",
            [
              "object",
              {
                "cluster_ipv4_cidr_block": "string",
                "cluster_secondary_range_name": "string",
                "services_ipv4_cidr_block": "string",
                "services_secondary_range_name": "string"
              }
            ]
          ],
          "label_fingerprint": "string",
          "location": "string",
          "logging_service": "string",
          "maintenance_policy": [
            "list",
            [
              "object",
              {
                "daily_maintenance_window": [
                  "list",
                  [
                    "object",
                    {
                      "duration": "string",
                      "start_time": "string"
                    }
                  ]
                ],
                "maintenance_exclusion": [
                  "set",
                  [
                    "object",
                    {
                      "end_time": "string",
                      "exclusion_name": "string",
                      "start_time": "string"
                    }
                  ]
                ],
                "recurring_window": [
                  "list",
                  [
                    "object",
                    {
                      "end_time": "string",
                      "recurrence": "string",
                      "start_time": "string"
                    }
                  ]
                ]
              }
            ]
          ],
          "master_auth": [
            "list",
            [
              "object",
              {
                "client_certificate": "string",
                "client_certificate_config": [
                  "list",
                  [
                    "object",
                    {
                      "issue_client_certificate": "bool"
                    }
                  ]
                ],
                "client_key": "string",
                "cluster_ca_certificate": "string",
                "password": "string",
                "username": "string"
              }
            ]
          ],
          "master_authorized_networks_config": [
            "list",
            [
              "object",
              {
                "cidr_blocks": [
                  "set",
                  [
                    "object",
                    {
                      "cidr_block": "string",
                      "display_name": "string"
                    }
                  ]
                ]
              }
            ]
          ],
          "master_version": "string",
          "min_master_version": "string",
          "monitoring_service": "string",
          "name": "string",
          "network": "string",
          "network_policy": [
            "list",
            [
              "object",
              {
                "enabled": "bool",
                "provider": "string"
              }
            ]
          ],
          "node_config": [
            "list",
            [
              "object",
              {
                "disk_size_gb": "number",
                "disk_type": "string",
                "guest_accelerator": [
                  "list",
                  [
                    "object",
                    {
                      "count": "number",
                      "type": "string"
                    }
                  ]
                ],
                "image_type": "string",
                "labels": [
                  "map",
                  "string"
                ],
                "local_ssd_count": "number",
                "machine_type": "string",
                "metadata": [
                  "map",
                  "string"
                ],
                "min_cpu_platform": "string",
                "oauth_scopes": [
                  "set",
                  "string"
                ],
                "preemptible": "bool",
                "service_account": "string",
                "shielded_instance_config": [
                  "list",
                  [
                    "object",
                    {
                      "enable_integrity_monitoring": "bool",
                      "enable_secure_boot": "bool"
                    }
                  ]
                ],
                "tags": [
                  "list",
                  "string"
                ],
                "taint": [
                  "list",
                  [
                    "object",
                    {
                      "effect": "string",
                      "key": "string",
                      "value": "string"
                    }
                  ]
                ],
                "workload_metadata_config": [
                  "list",
                  [
                    "object",
                    {
                      "node_metadata": "string"
                    }
                  ]
                ]
              }
            ]
          ],
          "node_locations": [
            "set",
            "string"
          ],
          "node_pool": [
            "list",
            [
              "object",
              {
                "autoscaling": [
                  "list",
                  [
                    "object",
                    {
                      "max_node_count": "number",
                      "min_node_count": "number"
                    }
                  ]
                ],
                "initial_node_count": "number",
                "instance_group_urls": [
                  "list",
                  "string"
                ],
                "management": [
                  "list",
                  [
                    "object",
                    {
                      "auto_repair": "bool",
                      "auto_upgrade": "bool"
                    }
                  ]
                ],
                "max_pods_per_node": "number",
                "name": "string",
                "name_prefix": "string",
                "node_config": [
                  "list",
                  [
                    "object",
                    {
                      "disk_size_gb": "number",
                      "disk_type": "string",
                      "guest_accelerator": [
                        "list",
                        [
                          "object",
                          {
                            "count": "number",
                            "type": "string"
                          }
                        ]
                      ],
                      "image_type": "string",
                      "labels": [
                        "map",
                        "string"
                      ],
                      "local_ssd_count": "number",
                      "machine_type": "string",
                      "metadata": [
                        "map",
                        "string"
                      ],
                      "min_cpu_platform": "string",
                      "oauth_scopes": [
                        "set",
                        "string"
                      ],
                      "preemptible": "bool",
                      "service_account": "string",
                      "shielded_instance_config": [
                        "list",
                        [
                          "object",
                          {
                            "enable_integrity_monitoring": "bool",
                            "enable_secure_boot": "bool"
                          }
                        ]
                      ],
                      "tags": [
                        "list",
                        "string"
                      ],
                      "taint": [
                        "list",
                        [
                          "object",
                          {
                            "effect": "string",
                            "key": "string",
                            "value": "string"
                          }
                        ]
                      ],
                      "workload_metadata_config": [
                        "list",
                        [
                          "object",
                          {
                            "node_metadata": "string"
                          }
                        ]
                      ]
                    }
                  ]
                ],
                "node_count": "number",
                "node_locations": [
                  "set",
                  "string"
                ],
                "upgrade_settings": [
                  "list",
                  [
                    "object",
                    {
                      "max_surge": "number",
                      "max_unavailable": "number"
                    }
                  ]
                ],
                "version": "string"
              }
            ]
          ],
          "node_version": "string",
          "operation": "string",
          "pod_security_policy_config": [
            "list",
            [
              "object",
              {
                "enabled": "bool"
              }
            ]
          ],
          "private_cluster_config": [
            "list",
            [
              "object",
              {
                "enable_private_endpoint": "bool",
                "enable_private_nodes": "bool",
                "master_ipv4_cidr_block": "string",
                "peering_name": "string",
                "private_endpoint": "string",
                "public_endpoint": "string"
              }
            ]
          ],
          "project": "string",
          "release_channel": [
            "list",
            [
              "object",
              {
                "channel": "string"
              }
            ]
          ],
          "remove_default_node_pool": "bool",
          "resource_labels": [
            "map",
            "string"
          ],
          "resource_usage_export_config": [
            "list",
            [
              "object",
              {
                "bigquery_destination": [
                  "list",
                  [
                    "object",
                    {
                      "dataset_id": "string"
                    }
                  ]
                ],
                "enable_network_egress_metering": "bool",
                "enable_resource_consumption_metering": "bool"
              }
            ]
          ],
          "self_link": "string",
          "services_ipv4_cidr": "string",
          "subnetwork": "string",
          "timeouts": [
            "object",
            {
              "create": "string",
              "delete": "string",
              "read": "string",
              "update": "string"
            }
          ],
          "vertical_pod_autoscaling": [
            "list",
            [
              "object",
              {
                "enabled": "bool"
              }
            ]
          ],
          "workload_identity_config": [
            "list",
            [
              "object",
              {
                "identity_namespace": "string"
              }
            ]
          ]
        }
      ],
      "sensitive": true
    },
    "project_id": {
      "value": "k8stestegbg",
      "type": "string",
      "sensitive": true
    },
    "region": {
      "value": "us-central1",
      "type": "string"
    }
  },
  "resources": [
    {
      "mode": "managed",
      "type": "google_compute_network",
      "name": "vpc",
      "provider": "provider[\"registry.terraform.io/hashicorp/google\"]",
      "instances": [
        {
          "schema_version": 0,
          "attributes": {
            "auto_create_subnetworks": false,
            "delete_default_routes_on_create": false,
            "description": "",
            "gateway_ipv4": "",
            "id": "projects/k8stestegbg/global/networks/k8stestegbg-vpc",
            "mtu": 0,
            "name": "k8stestegbg-vpc",
            "project": "k8stestegbg",
            "routing_mode": "REGIONAL",
            "self_link": "https://www.googleapis.com/compute/v1/projects/k8stestegbg/global/networks/k8stestegbg-vpc",
            "timeouts": null
          },
          "sensitive_attributes": [],
          "private": "eyJlMmJmYjczMC1lY2FhLTExZTYtOGY4OC0zNDM2M2JjN2M0YzAiOnsiY3JlYXRlIjoyNDAwMDAwMDAwMDAsImRlbGV0ZSI6MjQwMDAwMDAwMDAwLCJ1cGRhdGUiOjI0MDAwMDAwMDAwMH19"
        }
      ]
    },
    {
      "mode": "managed",
      "type": "google_compute_subnetwork",
      "name": "subnet",
      "provider": "provider[\"registry.terraform.io/hashicorp/google\"]",
      "instances": [
        {
          "schema_version": 0,
          "attributes": {
            "creation_timestamp": "2023-02-10T12:12:38.686-08:00",
            "description": "",
            "fingerprint": null,
            "gateway_address": "10.10.0.1",
            "id": "projects/k8stestegbg/regions/us-central1/subnetworks/k8stestegbg-subnet",
            "ip_cidr_range": "10.10.0.0/24",
            "log_config": [],
            "name": "k8stestegbg-subnet",
            "network": "https://www.googleapis.com/compute/v1/projects/k8stestegbg/global/networks/k8stestegbg-vpc",
            "private_ip_google_access": false,
            "private_ipv6_google_access": "DISABLE_GOOGLE_ACCESS",
            "project": "k8stestegbg",
            "region": "us-central1",
            "secondary_ip_range": [],
            "self_link": "https://www.googleapis.com/compute/v1/projects/k8stestegbg/regions/us-central1/subnetworks/k8stestegbg-subnet",
            "timeouts": null
          },
          "sensitive_attributes": [],
          "private": "eyJlMmJmYjczMC1lY2FhLTExZTYtOGY4OC0zNDM2M2JjN2M0YzAiOnsiY3JlYXRlIjozNjAwMDAwMDAwMDAsImRlbGV0ZSI6MzYwMDAwMDAwMDAwLCJ1cGRhdGUiOjM2MDAwMDAwMDAwMH19",
          "dependencies": [
            "google_compute_network.vpc"
          ]
        }
      ]
    },
    {
      "mode": "managed",
      "type": "google_container_cluster",
      "name": "wpteste",
      "provider": "provider[\"registry.terraform.io/hashicorp/google\"]",
      "instances": [
        {
          "schema_version": 1,
          "attributes": {
            "addons_config": [
              {
                "cloudrun_config": [],
                "horizontal_pod_autoscaling": [],
                "http_load_balancing": [],
                "network_policy_config": [
                  {
                    "disabled": true
                  }
                ]
              }
            ],
            "authenticator_groups_config": [],
            "cluster_autoscaling": [
              {
                "auto_provisioning_defaults": [],
                "enabled": false,
                "resource_limits": []
              }
            ],
            "cluster_ipv4_cidr": "10.224.0.0/14",
            "database_encryption": [
              {
                "key_name": "",
                "state": "DECRYPTED"
              }
            ],
            "default_max_pods_per_node": 110,
            "description": "",
            "enable_binary_authorization": false,
            "enable_intranode_visibility": null,
            "enable_kubernetes_alpha": false,
            "enable_legacy_abac": false,
            "enable_shielded_nodes": false,
            "enable_tpu": null,
            "endpoint": "35.232.0.225",
            "id": "projects/k8stestegbg/locations/us-central1/clusters/k8stestegbg-gke",
            "initial_node_count": 1,
            "instance_group_urls": [],
            "ip_allocation_policy": [
              {
                "cluster_ipv4_cidr_block": "10.224.0.0/14",
                "cluster_secondary_range_name": "gke-k8stestegbg-gke-pods-df3c6c5f",
                "services_ipv4_cidr_block": "10.228.0.0/20",
                "services_secondary_range_name": "gke-k8stestegbg-gke-services-df3c6c5f"
              }
            ],
            "label_fingerprint": "a9dc16a7",
            "location": "us-central1",
            "logging_service": "logging.googleapis.com/kubernetes",
            "maintenance_policy": [],
            "master_auth": [
              {
                "client_certificate": "",
                "client_certificate_config": [
                  {
                    "issue_client_certificate": false
                  }
                ],
                "client_key": "",
                "cluster_ca_certificate": "LS0tLS1CRUdJTiBDRVJUSUZJQ0FURS0tLS0tCk1JSUVMVENDQXBXZ0F3SUJBZ0lSQU9DTGcvN2lpSUFoUUVVZmFhcGNOOU13RFFZSktvWklodmNOQVFFTEJRQXcKTHpFdE1Dc0dBMVVFQXhNa1lqZzNOVEF3WmpBdE1XUXhZUzAwTVdWaUxUa3dNekV0T1dKaE9EWm1OMlE1TmpZegpNQ0FYRFRJek1ESXhNekU0TkRVeU0xb1lEekl3TlRNd01qQTFNVGswTlRJeldqQXZNUzB3S3dZRFZRUURFeVJpCk9EYzFNREJtTUMweFpERmhMVFF4WldJdE9UQXpNUzA1WW1FNE5tWTNaRGsyTmpNd2dnR2lNQTBHQ1NxR1NJYjMKRFFFQkFRVUFBNElCandBd2dnR0tBb0lCZ1FDZUpURkxaN0ZVTDBOeVRibUpnaGp2N1Z2Rk9yUThhY2lrVjlDSQp0K0JBR3g4Mlg5bCtqa1Y0MC8xUlh3M28zeEdoSFA3bXJXTVZsMW9wbkFQakVWVDRFNFVJZy9EZW53emhZa3pPCnl3NUlFbGhZZXgreGptMGg3dFRlRnJEWm5YWXZ2MXltTjI2VXRvQ0VEMWtDTDJlNnBKUmdGNVZwVXE2WmRnaG8Kdm94VkNTMWhpcXJuTklVeHkzVWR5WE0rVG5PbnUyYXJoL1JzU2VyZWxQTkV1cW8vc0k1UGY4MXRqZTlNb2pNbApreTFETkRVbHljUXN1ZTVwVGtxcEkzeGhXOUp6a0xpbGpXbGZvMU85VFpKUVYyVHVFbnV4WXlJSjk3UUxxbUI0Clk4WnRLZHdrSmlTVW9ZMTgwSjVBQzFac0xxZnQrNFVzazg0SFhOQzJrREZDekw5dE1RT015M0EzQjVwZzRPNzMKUXM1VlBtRGFoK0kzcHBGNDF6TGhEanBjaHBxVEtUREV2V2hzSFF0TitJUTNGNHp5Mks5aDk1YTQxVVc1M0JzWQp4aU9HUzlQN0lZMUx1TG9VUldNKzBsdnhrVkhwbGtCZVhtbUFQa0pqUUw3RGxUa0d1bjhpQ0QxZVlXejFoNDFHCk10ck8vcGRXczBESU9BYnljR2RKZ3dRcGRCY0NBd0VBQWFOQ01FQXdEZ1lEVlIwUEFRSC9CQVFEQWdJRU1BOEcKQTFVZEV3RUIvd1FGTUFNQkFmOHdIUVlEVlIwT0JCWUVGTjRKVXNubjNJbENYOFJrNkdhY0wzc0psc3JETUEwRwpDU3FHU0liM0RRRUJDd1VBQTRJQmdRQTV5SXUrVXRoeFhhUmQrZ2NPQ01VRGhXUXV5WWY3aStucXNaclY3am41CjI3RG1oM2J5a09kVWpVOHpsNmJYbjBEeHBkQXJqU2FqOTAvcDhHR200ZnJBZmorYzFqNm5TNWx5VjI4KzQzNlEKUm5IV3NPSGtsWXY4N214aWg4UFFLanp3dW1CQUhiUmc1UUhWMk1mblQzL2Nlb1lKMmtDM2hMZUNiSFZoSkkzawpXV1gzald4NmNORzZWeTEvYWIyNEo3ejlxaThwZEtnSG1EeVlGUDVadGpzK0xtZUpPWFcrbVVBMXFxMzFWak10ClBIQjZIY2lQVGJoTlprMndReGpJdjhQNDAwVDc0NGxIUmJBUWJtanY5c0EwUklBRFl2SEFoeG14cmFUUDZjdTcKdnVTdzBwZkI2bFVrandJTCtsZENjRm1EK1VYQzlsNkhsQ3dqZlorUWNoTVQyS3psdlQ0VEc5bk40NjIySE5LagpPRnR3N1pwbEZuQWN3ZjcyU3FubjFNeHI5Z3RaU2pWQ2E2SVNVZiswcjd3eVJmakhYSS9GZEdRU1RYejhxU1JJCm9hNm1WZXh1TUU2NXF2akF6YkQwdnI0ZFRBME5kbDBSNkwwc1daNG51WGh4L0JNaHpKV3o1WGEvRm9SeDRoK2cKY09VZWRvVWRIbjlEaHBrM2FrdlpOWWs9Ci0tLS0tRU5EIENFUlRJRklDQVRFLS0tLS0K",
                "password": "",
                "username": ""
              }
            ],
            "master_authorized_networks_config": [],
            "master_version": "1.24.8-gke.2000",
            "min_master_version": null,
            "monitoring_service": "monitoring.googleapis.com/kubernetes",
            "name": "k8stestegbg-gke",
            "network": "projects/k8stestegbg/global/networks/k8stestegbg-vpc",
            "network_policy": [
              {
                "enabled": false,
                "provider": "PROVIDER_UNSPECIFIED"
              }
            ],
            "node_config": [],
            "node_locations": [
              "us-central1-a",
              "us-central1-b",
              "us-central1-c"
            ],
            "node_pool": [],
            "node_version": "1.24.8-gke.2000",
            "operation": null,
            "pod_security_policy_config": [],
            "private_cluster_config": [
              {
                "enable_private_endpoint": false,
                "enable_private_nodes": false,
                "master_ipv4_cidr_block": "",
                "peering_name": "",
                "private_endpoint": "10.10.0.37",
                "public_endpoint": "35.232.0.225"
              }
            ],
            "project": "k8stestegbg",
            "release_channel": [
              {
                "channel": "REGULAR"
              }
            ],
            "remove_default_node_pool": true,
            "resource_labels": null,
            "resource_usage_export_config": [],
            "self_link": "https://container.googleapis.com/v1beta1/projects/k8stestegbg/locations/us-central1/clusters/k8stestegbg-gke",
            "services_ipv4_cidr": "10.228.0.0/20",
            "subnetwork": "projects/k8stestegbg/regions/us-central1/subnetworks/k8stestegbg-subnet",
            "timeouts": null,
            "vertical_pod_autoscaling": [],
            "workload_identity_config": []
          },
          "sensitive_attributes": [
            [
              {
                "type": "get_attr",
                "value": "name"
              }
            ]
          ],
          "private": "eyJlMmJmYjczMC1lY2FhLTExZTYtOGY4OC0zNDM2M2JjN2M0YzAiOnsiY3JlYXRlIjoyNDAwMDAwMDAwMDAwLCJkZWxldGUiOjI0MDAwMDAwMDAwMDAsInJlYWQiOjI0MDAwMDAwMDAwMDAsInVwZGF0ZSI6MzYwMDAwMDAwMDAwMH0sInNjaGVtYV92ZXJzaW9uIjoiMSJ9",
          "dependencies": [
            "google_compute_network.vpc",
            "google_compute_subnetwork.subnet"
          ]
        }
      ]
    },
    {
      "mode": "managed",
      "type": "google_container_node_pool",
      "name": "nodes_primarios",
      "provider": "provider[\"registry.terraform.io/hashicorp/google\"]",
      "instances": [
        {
          "schema_version": 1,
          "attributes": {
            "autoscaling": [],
            "cluster": "k8stestegbg-gke",
            "id": "projects/k8stestegbg/locations/us-central1/clusters/k8stestegbg-gke/nodePools/k8stestegbg-gke-node-pool",
            "initial_node_count": 1,
            "instance_group_urls": [
              "https://www.googleapis.com/compute/v1/projects/k8stestegbg/zones/us-central1-b/instanceGroupManagers/gke-k8stestegbg-gke-k8stestegbg-gke-n-3a1f77ab-grp",
              "https://www.googleapis.com/compute/v1/projects/k8stestegbg/zones/us-central1-c/instanceGroupManagers/gke-k8stestegbg-gke-k8stestegbg-gke-n-66094156-grp",
              "https://www.googleapis.com/compute/v1/projects/k8stestegbg/zones/us-central1-a/instanceGroupManagers/gke-k8stestegbg-gke-k8stestegbg-gke-n-22538e73-grp"
            ],
            "location": "us-central1",
            "management": [
              {
                "auto_repair": true,
                "auto_upgrade": true
              }
            ],
            "max_pods_per_node": 110,
            "name": "k8stestegbg-gke-node-pool",
            "name_prefix": "",
            "node_config": [
              {
                "disk_size_gb": 100,
                "disk_type": "pd-balanced",
                "guest_accelerator": [],
                "image_type": "COS_CONTAINERD",
                "labels": {
                  "env": "k8stestegbg"
                },
                "local_ssd_count": 0,
                "machine_type": "n1-standard-4",
                "metadata": {
                  "disable-legacy-endpoints": "true"
                },
                "min_cpu_platform": "",
                "oauth_scopes": [
                  "https://www.googleapis.com/auth/logging.write",
                  "https://www.googleapis.com/auth/monitoring"
                ],
                "preemptible": false,
                "service_account": "default",
                "shielded_instance_config": [
                  {
                    "enable_integrity_monitoring": true,
                    "enable_secure_boot": false
                  }
                ],
                "tags": [
                  "gke-node",
                  "k8stestegbg-gke"
                ],
                "taint": [],
                "workload_metadata_config": []
              }
            ],
            "node_count": 1,
            "node_locations": [
              "us-central1-a",
              "us-central1-b",
              "us-central1-c"
            ],
            "project": "k8stestegbg",
            "timeouts": null,
            "upgrade_settings": [
              {
                "max_surge": 1,
                "max_unavailable": 0
              }
            ],
            "version": "1.24.8-gke.2000"
          },
          "sensitive_attributes": [
            [
              {
                "type": "get_attr",
                "value": "name"
              }
            ],
            [
              {
                "type": "get_attr",
                "value": "node_config"
              },
              {
                "type": "index",
                "value": {
                  "value": 0,
                  "type": "number"
                }
              },
              {
                "type": "get_attr",
                "value": "tags"
              },
              {
                "type": "index",
                "value": {
                  "value": 1,
                  "type": "number"
                }
              }
            ],
            [
              {
                "type": "get_attr",
                "value": "node_config"
              },
              {
                "type": "index",
                "value": {
                  "value": 0,
                  "type": "number"
                }
              },
              {
                "type": "get_attr",
                "value": "labels"
              },
              {
                "type": "index",
                "value": {
                  "value": "env",
                  "type": "string"
                }
              }
            ],
            [
              {
                "type": "get_attr",
                "value": "cluster"
              }
            ]
          ],
          "private": "eyJlMmJmYjczMC1lY2FhLTExZTYtOGY4OC0zNDM2M2JjN2M0YzAiOnsiY3JlYXRlIjoxODAwMDAwMDAwMDAwLCJkZWxldGUiOjE4MDAwMDAwMDAwMDAsInVwZGF0ZSI6MTgwMDAwMDAwMDAwMH0sInNjaGVtYV92ZXJzaW9uIjoiMSJ9",
          "dependencies": [
            "google_compute_network.vpc",
            "google_compute_subnetwork.subnet",
            "google_container_cluster.wpteste"
          ]
        }
      ]
    }
  ],
  "check_results": null
}
